{
  "nodes": {
    "flakeNimbleLib": {
      "inputs": {
        "nixpkgs": [
          "nixpkgs"
        ]
      },
      "locked": {
        "lastModified": 1662018438,
        "narHash": "sha256-QtNtU6+LX3Wokxf0zlFwKTFOcn6TeDjKQZ+DA9OYtvM=",
        "owner": "riinr",
        "repo": "nim-flakes-lib",
        "rev": "b1fe8340736e3a85d25c709ac3dfd82a55c03cbf",
        "type": "github"
      },
      "original": {
        "owner": "riinr",
        "ref": "master",
        "repo": "nim-flakes-lib",
        "type": "github"
      }
    },
    "joyent_http_parser-master": {
      "inputs": {
        "flakeNimbleLib": [
          "flakeNimbleLib"
        ],
        "nixpkgs": [
          "nixpkgs"
        ],
        "src-joyent_http_parser-master": "src-joyent_http_parser-master"
      },
      "locked": {
        "dir": "master",
        "lastModified": 1667322364,
        "narHash": "sha256-dd7OjbdBE0+r9xBCUNivbtQrxQhW5yBFGnEJGKdh2CU=",
        "owner": "nim-nix-pkgs",
        "repo": "joyent_http_parser",
        "rev": "7798b2dce62c9fa96b38d3e71cc5f63d9d535f60",
        "type": "github"
      },
      "original": {
        "dir": "master",
        "owner": "nim-nix-pkgs",
        "ref": "master",
        "repo": "joyent_http_parser",
        "type": "github"
      }
    },
    "nixpkgs": {
      "locked": {
        "lastModified": 1667199707,
        "narHash": "sha256-I2Js3Y7gUyVSEXPULHlBoRek4Lh85vnevdS6mdvDNLI=",
        "owner": "NixOS",
        "repo": "nixpkgs",
        "rev": "ced197be72099edcfa68ebed8b87af7b04851f45",
        "type": "github"
      },
      "original": {
        "id": "nixpkgs",
        "type": "indirect"
      }
    },
    "root": {
      "inputs": {
        "flakeNimbleLib": "flakeNimbleLib",
        "joyent_http_parser-master": "joyent_http_parser-master",
        "nixpkgs": "nixpkgs"
      }
    },
    "src-joyent_http_parser-master": {
      "flake": false,
      "locked": {
        "lastModified": 1518889919,
        "narHash": "sha256-ThCyuncOH8exLS7RExxneS1/x7qBQm9XOewm+W8BByI=",
        "owner": "nim-lang",
        "repo": "joyent_http_parser",
        "rev": "e7ca3516ff8418bf84d9b9359822672b2a8bb134",
        "type": "github"
      },
      "original": {
        "owner": "nim-lang",
        "ref": "refs/heads/master",
        "repo": "joyent_http_parser",
        "type": "github"
      }
    }
  },
  "root": "root",
  "version": 7
}
